
Microsoft Visual Studio Solution File, Format Version 11.00
# Visual Studio 2010
Project("{FAE04EC0-301F-11D3-BF4B-00C04F79EFBC}") = "Assembly-CSharp", "Assembly-CSharp.csproj", "{1b5f2664-4683-41ab-ab48-322a246e2260}"
EndProject
Project("{FAE04EC0-301F-11D3-BF4B-00C04F79EFBC}") = "Assembly-CSharp-firstpass", "Assembly-CSharp-firstpass.csproj", "{11fd4efb-e9a5-84b1-daf3-36c9e94f50cf}"
EndProject
Global
	GlobalSection(SolutionConfigurationPlatforms) = preSolution
		Debug|Any CPU = Debug|Any CPU
	EndGlobalSection
	GlobalSection(ProjectConfigurationPlatforms) = postSolution
		{1b5f2664-4683-41ab-ab48-322a246e2260}.Debug|Any CPU.ActiveCfg = Debug|Any CPU
		{1b5f2664-4683-41ab-ab48-322a246e2260}.Debug|Any CPU.Build.0 = Debug|Any CPU
		{11fd4efb-e9a5-84b1-daf3-36c9e94f50cf}.Debug|Any CPU.ActiveCfg = Debug|Any CPU
		{11fd4efb-e9a5-84b1-daf3-36c9e94f50cf}.Debug|Any CPU.Build.0 = Debug|Any CPU
	EndGlobalSection
	GlobalSection(SolutionProperties) = preSolution
		HideSolutionNode = FALSE
	EndGlobalSection
EndGlobal
